
Microsoft Visual Studio Solution File, Format Version 12.00
# Visual Studio Version 17
VisualStudioVersion = 17.8.34525.116
MinimumVisualStudioVersion = 10.0.40219.1
Project("{FAE04EC0-301F-11D3-BF4B-00C04F79EFBC}") = "WeatherForcast", "WeatherForcast\WeatherForcast.csproj", "{6821BEDE-C1E8-45D1-B33D-42CB0F569FE3}"
EndProject
Global
	GlobalSection(SolutionConfigurationPlatforms) = preSolution
		Debug|Any CPU = Debug|Any CPU
		Release|Any CPU = Release|Any CPU
	EndGlobalSection
	GlobalSection(ProjectConfigurationPlatforms) = postSolution
		{6821BEDE-C1E8-45D1-B33D-42CB0F569FE3}.Debug|Any CPU.ActiveCfg = Debug|Any CPU
		{6821BEDE-C1E8-45D1-B33D-42CB0F569FE3}.Debug|Any CPU.Build.0 = Debug|Any CPU
		{6821BEDE-C1E8-45D1-B33D-42CB0F569FE3}.Release|Any CPU.ActiveCfg = Release|Any CPU
		{6821BEDE-C1E8-45D1-B33D-42CB0F569FE3}.Release|Any CPU.Build.0 = Release|Any CPU
	EndGlobalSection
	GlobalSection(SolutionProperties) = preSolution
		HideSolutionNode = FALSE
	EndGlobalSection
	GlobalSection(ExtensibilityGlobals) = postSolution
		SolutionGuid = {73C933FC-A59D-4DF3-9072-7D9D615791B3}
	EndGlobalSection
EndGlobal
